
Microsoft Visual Studio Solution File, Format Version 12.00
# Visual Studio Version 17
VisualStudioVersion = 17.8.34408.163
MinimumVisualStudioVersion = 10.0.40219.1
Project("{8BC9CEB8-8B4A-11D0-8D11-00A0C91BC942}") = "nmr", "src\nmr\nmr.vcxproj", "{F389859E-1D0C-4F30-BAEC-6A5E44B8190E}"
EndProject
Project("{8BC9CEB8-8B4A-11D0-8D11-00A0C91BC942}") = "pollshim", "src\pollshim\pollshim.vcxproj", "{4A54653B-B380-4187-890B-7451F835B07A}"
EndProject
Project("{8BC9CEB8-8B4A-11D0-8D11-00A0C91BC942}") = "rtl", "src\rtl\rtl.vcxproj", "{043C2162-639F-4FC8-B72C-F7C1BACB9DB3}"
EndProject
Project("{8BC9CEB8-8B4A-11D0-8D11-00A0C91BC942}") = "xdplwf", "src\xdplwf\xdplwf.vcxproj", "{63591DCB-0BBC-441C-A8A2-F882EE6A7D5C}"
EndProject
Project("{8BC9CEB8-8B4A-11D0-8D11-00A0C91BC942}") = "xdpapi", "src\xdpapi\xdpapi.vcxproj", "{0CCECB60-0538-4252-8C8E-23A92199CBE0}"
EndProject
Project("{8BC9CEB8-8B4A-11D0-8D11-00A0C91BC942}") = "xdp", "src\xdp\xdp.vcxproj", "{DE26C8C2-F986-47C7-8E36-8A7CAC1358EE}"
EndProject
Project("{8BC9CEB8-8B4A-11D0-8D11-00A0C91BC942}") = "xdpetw", "src\xdpetw\xdpetw.vcxproj", "{A87D995B-384F-4853-ABDB-3EC024BE18E3}"
EndProject
Project("{8BC9CEB8-8B4A-11D0-8D11-00A0C91BC942}") = "rxfilter", "samples\rxfilter\rxfilter.vcxproj", "{C0C730A8-2DAB-4C28-8C4B-5EFFA6B494DD}"
EndProject
Project("{8BC9CEB8-8B4A-11D0-8D11-00A0C91BC942}") = "xdpcfg", "src\xdpcfg\xdpcfg.vcxproj", "{E64CCF9C-9D27-4AAC-8119-197FABA5E8C2}"
EndProject
Project("{8BC9CEB8-8B4A-11D0-8D11-00A0C91BC942}") = "xdppcw", "src\xdppcw\xdppcw.vcxproj", "{ED611744-B780-41A2-A995-2C100D86B3A6}"
EndProject
Project("{8BC9CEB8-8B4A-11D0-8D11-00A0C91BC942}") = "bpfexport", "src\bpfexport\bpfexport.vcxproj", "{8F8830FF-1648-4772-87ED-F5DA091FC931}"
EndProject
Global
	GlobalSection(SolutionConfigurationPlatforms) = preSolution
		Debug|ARM64 = Debug|ARM64
		Debug|x64 = Debug|x64
		Release|ARM64 = Release|ARM64
		Release|x64 = Release|x64
	EndGlobalSection
	GlobalSection(ProjectConfigurationPlatforms) = postSolution
		{F389859E-1D0C-4F30-BAEC-6A5E44B8190E}.Debug|ARM64.ActiveCfg = Debug|ARM64
		{F389859E-1D0C-4F30-BAEC-6A5E44B8190E}.Debug|ARM64.Build.0 = Debug|ARM64
		{F389859E-1D0C-4F30-BAEC-6A5E44B8190E}.Debug|ARM64.Deploy.0 = Debug|ARM64
		{F389859E-1D0C-4F30-BAEC-6A5E44B8190E}.Debug|x64.ActiveCfg = Debug|x64
		{F389859E-1D0C-4F30-BAEC-6A5E44B8190E}.Debug|x64.Build.0 = Debug|x64
		{F389859E-1D0C-4F30-BAEC-6A5E44B8190E}.Debug|x64.Deploy.0 = Debug|x64
		{F389859E-1D0C-4F30-BAEC-6A5E44B8190E}.Release|ARM64.ActiveCfg = Release|ARM64
		{F389859E-1D0C-4F30-BAEC-6A5E44B8190E}.Release|ARM64.Build.0 = Release|ARM64
		{F389859E-1D0C-4F30-BAEC-6A5E44B8190E}.Release|ARM64.Deploy.0 = Release|ARM64
		{F389859E-1D0C-4F30-BAEC-6A5E44B8190E}.Release|x64.ActiveCfg = Release|x64
		{F389859E-1D0C-4F30-BAEC-6A5E44B8190E}.Release|x64.Build.0 = Release|x64
		{F389859E-1D0C-4F30-BAEC-6A5E44B8190E}.Release|x64.Deploy.0 = Release|x64
		{4A54653B-B380-4187-890B-7451F835B07A}.Debug|ARM64.ActiveCfg = Debug|ARM64
		{4A54653B-B380-4187-890B-7451F835B07A}.Debug|ARM64.Build.0 = Debug|ARM64
		{4A54653B-B380-4187-890B-7451F835B07A}.Debug|ARM64.Deploy.0 = Debug|ARM64
		{4A54653B-B380-4187-890B-7451F835B07A}.Debug|x64.ActiveCfg = Debug|x64
		{4A54653B-B380-4187-890B-7451F835B07A}.Debug|x64.Build.0 = Debug|x64
		{4A54653B-B380-4187-890B-7451F835B07A}.Debug|x64.Deploy.0 = Debug|x64
		{4A54653B-B380-4187-890B-7451F835B07A}.Release|ARM64.ActiveCfg = Release|ARM64
		{4A54653B-B380-4187-890B-7451F835B07A}.Release|ARM64.Build.0 = Release|ARM64
		{4A54653B-B380-4187-890B-7451F835B07A}.Release|ARM64.Deploy.0 = Release|ARM64
		{4A54653B-B380-4187-890B-7451F835B07A}.Release|x64.ActiveCfg = Release|x64
		{4A54653B-B380-4187-890B-7451F835B07A}.Release|x64.Build.0 = Release|x64
		{4A54653B-B380-4187-890B-7451F835B07A}.Release|x64.Deploy.0 = Release|x64
		{043C2162-639F-4FC8-B72C-F7C1BACB9DB3}.Debug|ARM64.ActiveCfg = Debug|ARM64
		{043C2162-639F-4FC8-B72C-F7C1BACB9DB3}.Debug|ARM64.Build.0 = Debug|ARM64
		{043C2162-639F-4FC8-B72C-F7C1BACB9DB3}.Debug|ARM64.Deploy.0 = Debug|ARM64
		{043C2162-639F-4FC8-B72C-F7C1BACB9DB3}.Debug|x64.ActiveCfg = Debug|x64
		{043C2162-639F-4FC8-B72C-F7C1BACB9DB3}.Debug|x64.Build.0 = Debug|x64
		{043C2162-639F-4FC8-B72C-F7C1BACB9DB3}.Debug|x64.Deploy.0 = Debug|x64
		{043C2162-639F-4FC8-B72C-F7C1BACB9DB3}.Release|ARM64.ActiveCfg = Release|ARM64
		{043C2162-639F-4FC8-B72C-F7C1BACB9DB3}.Release|ARM64.Build.0 = Release|ARM64
		{043C2162-639F-4FC8-B72C-F7C1BACB9DB3}.Release|ARM64.Deploy.0 = Release|ARM64
		{043C2162-639F-4FC8-B72C-F7C1BACB9DB3}.Release|x64.ActiveCfg = Release|x64
		{043C2162-639F-4FC8-B72C-F7C1BACB9DB3}.Release|x64.Build.0 = Release|x64
		{043C2162-639F-4FC8-B72C-F7C1BACB9DB3}.Release|x64.Deploy.0 = Release|x64
		{63591DCB-0BBC-441C-A8A2-F882EE6A7D5C}.Debug|ARM64.ActiveCfg = Debug|ARM64
		{63591DCB-0BBC-441C-A8A2-F882EE6A7D5C}.Debug|ARM64.Build.0 = Debug|ARM64
		{63591DCB-0BBC-441C-A8A2-F882EE6A7D5C}.Debug|ARM64.Deploy.0 = Debug|ARM64
		{63591DCB-0BBC-441C-A8A2-F882EE6A7D5C}.Debug|x64.ActiveCfg = Debug|x64
		{63591DCB-0BBC-441C-A8A2-F882EE6A7D5C}.Debug|x64.Build.0 = Debug|x64
		{63591DCB-0BBC-441C-A8A2-F882EE6A7D5C}.Debug|x64.Deploy.0 = Debug|x64
		{63591DCB-0BBC-441C-A8A2-F882EE6A7D5C}.Release|ARM64.ActiveCfg = Release|ARM64
		{63591DCB-0BBC-441C-A8A2-F882EE6A7D5C}.Release|ARM64.Build.0 = Release|ARM64
		{63591DCB-0BBC-441C-A8A2-F882EE6A7D5C}.Release|ARM64.Deploy.0 = Release|ARM64
		{63591DCB-0BBC-441C-A8A2-F882EE6A7D5C}.Release|x64.ActiveCfg = Release|x64
		{63591DCB-0BBC-441C-A8A2-F882EE6A7D5C}.Release|x64.Build.0 = Release|x64
		{63591DCB-0BBC-441C-A8A2-F882EE6A7D5C}.Release|x64.Deploy.0 = Release|x64
		{0CCECB60-0538-4252-8C8E-23A92199CBE0}.Debug|ARM64.ActiveCfg = Debug|ARM64
		{0CCECB60-0538-4252-8C8E-23A92199CBE0}.Debug|ARM64.Build.0 = Debug|ARM64
		{0CCECB60-0538-4252-8C8E-23A92199CBE0}.Debug|x64.ActiveCfg = Debug|x64
		{0CCECB60-0538-4252-8C8E-23A92199CBE0}.Debug|x64.Build.0 = Debug|x64
		{0CCECB60-0538-4252-8C8E-23A92199CBE0}.Release|ARM64.ActiveCfg = Release|ARM64
		{0CCECB60-0538-4252-8C8E-23A92199CBE0}.Release|ARM64.Build.0 = Release|ARM64
		{0CCECB60-0538-4252-8C8E-23A92199CBE0}.Release|x64.ActiveCfg = Release|x64
		{0CCECB60-0538-4252-8C8E-23A92199CBE0}.Release|x64.Build.0 = Release|x64
		{DE26C8C2-F986-47C7-8E36-8A7CAC1358EE}.Debug|ARM64.ActiveCfg = Debug|ARM64
		{DE26C8C2-F986-47C7-8E36-8A7CAC1358EE}.Debug|ARM64.Build.0 = Debug|ARM64
		{DE26C8C2-F986-47C7-8E36-8A7CAC1358EE}.Debug|ARM64.Deploy.0 = Debug|ARM64
		{DE26C8C2-F986-47C7-8E36-8A7CAC1358EE}.Debug|x64.ActiveCfg = Debug|x64
		{DE26C8C2-F986-47C7-8E36-8A7CAC1358EE}.Debug|x64.Build.0 = Debug|x64
		{DE26C8C2-F986-47C7-8E36-8A7CAC1358EE}.Debug|x64.Deploy.0 = Debug|x64
		{DE26C8C2-F986-47C7-8E36-8A7CAC1358EE}.Release|ARM64.ActiveCfg = Release|ARM64
		{DE26C8C2-F986-47C7-8E36-8A7CAC1358EE}.Release|ARM64.Build.0 = Release|ARM64
		{DE26C8C2-F986-47C7-8E36-8A7CAC1358EE}.Release|ARM64.Deploy.0 = Release|ARM64
		{DE26C8C2-F986-47C7-8E36-8A7CAC1358EE}.Release|x64.ActiveCfg = Release|x64
		{DE26C8C2-F986-47C7-8E36-8A7CAC1358EE}.Release|x64.Build.0 = Release|x64
		{DE26C8C2-F986-47C7-8E36-8A7CAC1358EE}.Release|x64.Deploy.0 = Release|x64
		{A87D995B-384F-4853-ABDB-3EC024BE18E3}.Debug|ARM64.ActiveCfg = Debug|ARM64
		{A87D995B-384F-4853-ABDB-3EC024BE18E3}.Debug|ARM64.Build.0 = Debug|ARM64
		{A87D995B-384F-4853-ABDB-3EC024BE18E3}.Debug|ARM64.Deploy.0 = Debug|ARM64
		{A87D995B-384F-4853-ABDB-3EC024BE18E3}.Debug|x64.ActiveCfg = Debug|x64
		{A87D995B-384F-4853-ABDB-3EC024BE18E3}.Debug|x64.Build.0 = Debug|x64
		{A87D995B-384F-4853-ABDB-3EC024BE18E3}.Debug|x64.Deploy.0 = Debug|x64
		{A87D995B-384F-4853-ABDB-3EC024BE18E3}.Release|ARM64.ActiveCfg = Release|ARM64
		{A87D995B-384F-4853-ABDB-3EC024BE18E3}.Release|ARM64.Build.0 = Release|ARM64
		{A87D995B-384F-4853-ABDB-3EC024BE18E3}.Release|ARM64.Deploy.0 = Release|ARM64
		{A87D995B-384F-4853-ABDB-3EC024BE18E3}.Release|x64.ActiveCfg = Release|x64
		{A87D995B-384F-4853-ABDB-3EC024BE18E3}.Release|x64.Build.0 = Release|x64
		{A87D995B-384F-4853-ABDB-3EC024BE18E3}.Release|x64.Deploy.0 = Release|x64
		{C0C730A8-2DAB-4C28-8C4B-5EFFA6B494DD}.Debug|ARM64.ActiveCfg = Debug|ARM64
		{C0C730A8-2DAB-4C28-8C4B-5EFFA6B494DD}.Debug|ARM64.Build.0 = Debug|ARM64
		{C0C730A8-2DAB-4C28-8C4B-5EFFA6B494DD}.Debug|ARM64.Deploy.0 = Debug|ARM64
		{C0C730A8-2DAB-4C28-8C4B-5EFFA6B494DD}.Debug|x64.ActiveCfg = Debug|x64
		{C0C730A8-2DAB-4C28-8C4B-5EFFA6B494DD}.Debug|x64.Build.0 = Debug|x64
		{C0C730A8-2DAB-4C28-8C4B-5EFFA6B494DD}.Debug|x64.Deploy.0 = Debug|x64
		{C0C730A8-2DAB-4C28-8C4B-5EFFA6B494DD}.Release|ARM64.ActiveCfg = Release|ARM64
		{C0C730A8-2DAB-4C28-8C4B-5EFFA6B494DD}.Release|ARM64.Build.0 = Release|ARM64
		{C0C730A8-2DAB-4C28-8C4B-5EFFA6B494DD}.Release|ARM64.Deploy.0 = Release|ARM64
		{C0C730A8-2DAB-4C28-8C4B-5EFFA6B494DD}.Release|x64.ActiveCfg = Release|x64
		{C0C730A8-2DAB-4C28-8C4B-5EFFA6B494DD}.Release|x64.Build.0 = Release|x64
		{C0C730A8-2DAB-4C28-8C4B-5EFFA6B494DD}.Release|x64.Deploy.0 = Release|x64
		{E64CCF9C-9D27-4AAC-8119-197FABA5E8C2}.Debug|ARM64.ActiveCfg = Debug|ARM64
		{E64CCF9C-9D27-4AAC-8119-197FABA5E8C2}.Debug|ARM64.Build.0 = Debug|ARM64
		{E64CCF9C-9D27-4AAC-8119-197FABA5E8C2}.Debug|ARM64.Deploy.0 = Debug|ARM64
		{E64CCF9C-9D27-4AAC-8119-197FABA5E8C2}.Debug|x64.ActiveCfg = Debug|x64
		{E64CCF9C-9D27-4AAC-8119-197FABA5E8C2}.Debug|x64.Build.0 = Debug|x64
		{E64CCF9C-9D27-4AAC-8119-197FABA5E8C2}.Debug|x64.Deploy.0 = Debug|x64
		{E64CCF9C-9D27-4AAC-8119-197FABA5E8C2}.Release|ARM64.ActiveCfg = Release|ARM64
		{E64CCF9C-9D27-4AAC-8119-197FABA5E8C2}.Release|ARM64.Build.0 = Release|ARM64
		{E64CCF9C-9D27-4AAC-8119-197FABA5E8C2}.Release|ARM64.Deploy.0 = Release|ARM64
		{E64CCF9C-9D27-4AAC-8119-197FABA5E8C2}.Release|x64.ActiveCfg = Release|x64
		{E64CCF9C-9D27-4AAC-8119-197FABA5E8C2}.Release|x64.Build.0 = Release|x64
		{E64CCF9C-9D27-4AAC-8119-197FABA5E8C2}.Release|x64.Deploy.0 = Release|x64
		{ED611744-B780-41A2-A995-2C100D86B3A6}.Debug|ARM64.ActiveCfg = Debug|ARM64
		{ED611744-B780-41A2-A995-2C100D86B3A6}.Debug|ARM64.Build.0 = Debug|ARM64
		{ED611744-B780-41A2-A995-2C100D86B3A6}.Debug|ARM64.Deploy.0 = Debug|ARM64
		{ED611744-B780-41A2-A995-2C100D86B3A6}.Debug|x64.ActiveCfg = Debug|x64
		{ED611744-B780-41A2-A995-2C100D86B3A6}.Debug|x64.Build.0 = Debug|x64
		{ED611744-B780-41A2-A995-2C100D86B3A6}.Debug|x64.Deploy.0 = Debug|x64
		{ED611744-B780-41A2-A995-2C100D86B3A6}.Release|ARM64.ActiveCfg = Release|ARM64
		{ED611744-B780-41A2-A995-2C100D86B3A6}.Release|ARM64.Build.0 = Release|ARM64
		{ED611744-B780-41A2-A995-2C100D86B3A6}.Release|ARM64.Deploy.0 = Release|ARM64
		{ED611744-B780-41A2-A995-2C100D86B3A6}.Release|x64.ActiveCfg = Release|x64
		{ED611744-B780-41A2-A995-2C100D86B3A6}.Release|x64.Build.0 = Release|x64
		{ED611744-B780-41A2-A995-2C100D86B3A6}.Release|x64.Deploy.0 = Release|x64
		{8F8830FF-1648-4772-87ED-F5DA091FC931}.Debug|ARM64.ActiveCfg = Debug|ARM64
		{8F8830FF-1648-4772-87ED-F5DA091FC931}.Debug|ARM64.Build.0 = Debug|ARM64
		{8F8830FF-1648-4772-87ED-F5DA091FC931}.Debug|x64.ActiveCfg = Debug|x64
		{8F8830FF-1648-4772-87ED-F5DA091FC931}.Debug|x64.Build.0 = Debug|x64
		{8F8830FF-1648-4772-87ED-F5DA091FC931}.Release|ARM64.ActiveCfg = Release|ARM64
		{8F8830FF-1648-4772-87ED-F5DA091FC931}.Release|ARM64.Build.0 = Release|ARM64
		{8F8830FF-1648-4772-87ED-F5DA091FC931}.Release|x64.ActiveCfg = Release|x64
		{8F8830FF-1648-4772-87ED-F5DA091FC931}.Release|x64.Build.0 = Release|x64
	EndGlobalSection
	GlobalSection(SolutionProperties) = preSolution
		HideSolutionNode = FALSE
	EndGlobalSection
	GlobalSection(ExtensibilityGlobals) = postSolution
		SolutionGuid = {73EF00B9-A990-4E4D-9759-84F4E2094268}
	EndGlobalSection
EndGlobal
