
Microsoft Visual Studio Solution File, Format Version 12.00
# Visual Studio Version 16
VisualStudioVersion = 16.0.29728.190
MinimumVisualStudioVersion = 10.0.40219.1
Project("{8BC9CEB8-8B4A-11D0-8D11-00A0C91BC942}") = "nmr", "src\nmr\nmr.vcxproj", "{F389859E-1D0C-4F30-BAEC-6A5E44B8190E}"
EndProject
Project("{8BC9CEB8-8B4A-11D0-8D11-00A0C91BC942}") = "pollshim", "src\pollshim\pollshim.vcxproj", "{4A54653B-B380-4187-890B-7451F835B07A}"
EndProject
Project("{8BC9CEB8-8B4A-11D0-8D11-00A0C91BC942}") = "rtl", "src\rtl\rtl.vcxproj", "{043C2162-639F-4FC8-B72C-F7C1BACB9DB3}"
EndProject
Project("{8BC9CEB8-8B4A-11D0-8D11-00A0C91BC942}") = "xdplwf", "src\xdplwf\xdplwf.vcxproj", "{63591DCB-0BBC-441C-A8A2-F882EE6A7D5C}"
EndProject
Project("{8BC9CEB8-8B4A-11D0-8D11-00A0C91BC942}") = "xdpapi", "src\xdpapi\xdpapi.vcxproj", "{0CCECB60-0538-4252-8C8E-23A92199CBE0}"
EndProject
Project("{8BC9CEB8-8B4A-11D0-8D11-00A0C91BC942}") = "spinxsk", "test\spinxsk\spinxsk.vcxproj", "{A831B9F7-3948-48CC-B4F7-DB725EF13408}"
EndProject
Project("{8BC9CEB8-8B4A-11D0-8D11-00A0C91BC942}") = "util", "test\common\lib\util\util.vcxproj", "{BDD99A80-0936-47B0-918D-04CF3B472FB0}"
EndProject
Project("{8BC9CEB8-8B4A-11D0-8D11-00A0C91BC942}") = "xdp", "src\xdp\xdp.vcxproj", "{DE26C8C2-F986-47C7-8E36-8A7CAC1358EE}"
EndProject
Project("{8BC9CEB8-8B4A-11D0-8D11-00A0C91BC942}") = "fndis", "test\fakendis\fndis.vcxproj", "{8A82F294-00D6-40E1-9C55-6BC93C2BEC0E}"
EndProject
Project("{8BC9CEB8-8B4A-11D0-8D11-00A0C91BC942}") = "xdpmp", "test\xdpmp\xdpmp.vcxproj", "{CB63D7E9-9661-468C-851D-DEC51BCAAD0C}"
EndProject
Project("{8BC9CEB8-8B4A-11D0-8D11-00A0C91BC942}") = "xdpfnmpgeneric", "test\functional\mp\sys\generic\xdpfnmpgeneric.vcxproj", "{5140E124-DBCB-42F9-BD51-22FF8EAC7D7C}"
EndProject
Project("{8BC9CEB8-8B4A-11D0-8D11-00A0C91BC942}") = "xdpfnmpnative", "test\functional\mp\sys\native\xdpfnmpnative.vcxproj", "{1447D9ED-6762-45D7-929D-92D24593D472}"
EndProject
Project("{8BC9CEB8-8B4A-11D0-8D11-00A0C91BC942}") = "xdpfnmp", "test\functional\mp\sys\xdpfnmp.vcxproj", "{AD2ED8D3-06F7-4B3B-89F4-E8E7065A6F82}"
EndProject
Project("{8BC9CEB8-8B4A-11D0-8D11-00A0C91BC942}") = "xdpfnmpapi", "test\functional\mp\lib\xdpfnmpapi.vcxproj", "{15DE7D30-6A0B-47C7-8DDC-1CFC658E8A1E}"
EndProject
Project("{8BC9CEB8-8B4A-11D0-8D11-00A0C91BC942}") = "xdptests", "test\functional\lib\xdptests.vcxproj", "{B7C007DA-B437-4CA5-896E-5CB5A5006D01}"
EndProject
Project("{8BC9CEB8-8B4A-11D0-8D11-00A0C91BC942}") = "xdpfunctionaltests", "test\functional\taef\xdpfunctionaltests.vcxproj", "{02D631DF-E2E7-4A6E-9773-94A45B19C367}"
EndProject
Project("{8BC9CEB8-8B4A-11D0-8D11-00A0C91BC942}") = "pkthlp_um", "test\pkthlp\um\pkthlp_um.vcxproj", "{E84FF937-7445-4B8E-BA40-DFFACC09C060}"
EndProject
Project("{8BC9CEB8-8B4A-11D0-8D11-00A0C91BC942}") = "pkthlp_km", "test\pkthlp\km\pkthlp_km.vcxproj", "{091C094C-BF60-4BCB-9D38-1B439FC0AB7F}"
EndProject
Project("{8BC9CEB8-8B4A-11D0-8D11-00A0C91BC942}") = "xskbench", "test\xskbench\xskbench.vcxproj", "{D6E512A0-8DBF-4BAF-9393-BFA746C9325C}"
EndProject
Project("{8BC9CEB8-8B4A-11D0-8D11-00A0C91BC942}") = "pktcmd", "test\pktcmd\pktcmd.vcxproj", "{6FA0FEF2-5947-4D11-8DDA-A0968852EDAB}"
EndProject
Project("{8BC9CEB8-8B4A-11D0-8D11-00A0C91BC942}") = "cddkheaders", "test\build_headers\ddk\c\cddkheaders.vcxproj", "{3AA71A93-D73F-4766-9E3D-1A25C3E895F8}"
EndProject
Project("{8BC9CEB8-8B4A-11D0-8D11-00A0C91BC942}") = "cppddkheaders", "test\build_headers\ddk\cpp\cppddkheaders.vcxproj", "{2E04098E-2D9D-48AE-B962-4C681F0897C7}"
EndProject
Project("{8BC9CEB8-8B4A-11D0-8D11-00A0C91BC942}") = "csdkheaders", "test\build_headers\sdk\c\csdkheaders.vcxproj", "{F092F711-04ED-443E-9978-4D270F89A2CB}"
EndProject
Project("{8BC9CEB8-8B4A-11D0-8D11-00A0C91BC942}") = "cppsdkheaders", "test\build_headers\sdk\cpp\cppsdkheaders.vcxproj", "{1EC347F7-A95F-49F3-B35F-77443A601F53}"
EndProject
Project("{8BC9CEB8-8B4A-11D0-8D11-00A0C91BC942}") = "rssconfig", "test\rssconfig\rssconfig.vcxproj", "{798300CD-0D26-4FCD-843B-30A9585B102C}"
EndProject
Project("{8BC9CEB8-8B4A-11D0-8D11-00A0C91BC942}") = "xdpfnlwfapi", "test\functional\lwf\lib\xdpfnlwfapi.vcxproj", "{34A40976-2D2E-4A27-B9FF-390FC573A4DE}"
EndProject
Project("{8BC9CEB8-8B4A-11D0-8D11-00A0C91BC942}") = "xdpfnlwf", "test\functional\lwf\sys\xdpfnlwf.vcxproj", "{02B3662C-5FFE-4E6D-B55F-7927833FD7A7}"
EndProject
Project("{8BC9CEB8-8B4A-11D0-8D11-00A0C91BC942}") = "bounce", "test\common\lib\bounce\bounce.vcxproj", "{4A8C9C36-9B11-4BCF-9C48-0F33D4470D66}"
EndProject
Project("{8BC9CEB8-8B4A-11D0-8D11-00A0C91BC942}") = "fnio", "test\common\lib\fnio\fnio.vcxproj", "{D07EDEB2-006F-4B32-8CD1-2B8FABD5879E}"
EndProject
Project("{8BC9CEB8-8B4A-11D0-8D11-00A0C91BC942}") = "xdpetw", "src\xdpetw\xdpetw.vcxproj", "{A87D995B-384F-4853-ABDB-3EC024BE18E3}"
EndProject
Project("{8BC9CEB8-8B4A-11D0-8D11-00A0C91BC942}") = "rxfilter", "samples\rxfilter\rxfilter.vcxproj", "{C0C730A8-2DAB-4C28-8C4B-5EFFA6B494DD}"
EndProject
Global
	GlobalSection(SolutionConfigurationPlatforms) = preSolution
		Debug|ARM64 = Debug|ARM64
		Debug|x64 = Debug|x64
		Release|ARM64 = Release|ARM64
		Release|x64 = Release|x64
	EndGlobalSection
	GlobalSection(ProjectConfigurationPlatforms) = postSolution
		{F389859E-1D0C-4F30-BAEC-6A5E44B8190E}.Debug|ARM64.ActiveCfg = Debug|ARM64
		{F389859E-1D0C-4F30-BAEC-6A5E44B8190E}.Debug|ARM64.Build.0 = Debug|ARM64
		{F389859E-1D0C-4F30-BAEC-6A5E44B8190E}.Debug|ARM64.Deploy.0 = Debug|ARM64
		{F389859E-1D0C-4F30-BAEC-6A5E44B8190E}.Debug|x64.ActiveCfg = Debug|x64
		{F389859E-1D0C-4F30-BAEC-6A5E44B8190E}.Debug|x64.Build.0 = Debug|x64
		{F389859E-1D0C-4F30-BAEC-6A5E44B8190E}.Debug|x64.Deploy.0 = Debug|x64
		{F389859E-1D0C-4F30-BAEC-6A5E44B8190E}.Release|ARM64.ActiveCfg = Release|ARM64
		{F389859E-1D0C-4F30-BAEC-6A5E44B8190E}.Release|ARM64.Build.0 = Release|ARM64
		{F389859E-1D0C-4F30-BAEC-6A5E44B8190E}.Release|ARM64.Deploy.0 = Release|ARM64
		{F389859E-1D0C-4F30-BAEC-6A5E44B8190E}.Release|x64.ActiveCfg = Release|x64
		{F389859E-1D0C-4F30-BAEC-6A5E44B8190E}.Release|x64.Build.0 = Release|x64
		{F389859E-1D0C-4F30-BAEC-6A5E44B8190E}.Release|x64.Deploy.0 = Release|x64
		{4A54653B-B380-4187-890B-7451F835B07A}.Debug|ARM64.ActiveCfg = Debug|ARM64
		{4A54653B-B380-4187-890B-7451F835B07A}.Debug|ARM64.Build.0 = Debug|ARM64
		{4A54653B-B380-4187-890B-7451F835B07A}.Debug|ARM64.Deploy.0 = Debug|ARM64
		{4A54653B-B380-4187-890B-7451F835B07A}.Debug|x64.ActiveCfg = Debug|x64
		{4A54653B-B380-4187-890B-7451F835B07A}.Debug|x64.Build.0 = Debug|x64
		{4A54653B-B380-4187-890B-7451F835B07A}.Debug|x64.Deploy.0 = Debug|x64
		{4A54653B-B380-4187-890B-7451F835B07A}.Release|ARM64.ActiveCfg = Release|ARM64
		{4A54653B-B380-4187-890B-7451F835B07A}.Release|ARM64.Build.0 = Release|ARM64
		{4A54653B-B380-4187-890B-7451F835B07A}.Release|ARM64.Deploy.0 = Release|ARM64
		{4A54653B-B380-4187-890B-7451F835B07A}.Release|x64.ActiveCfg = Release|x64
		{4A54653B-B380-4187-890B-7451F835B07A}.Release|x64.Build.0 = Release|x64
		{4A54653B-B380-4187-890B-7451F835B07A}.Release|x64.Deploy.0 = Release|x64
		{043C2162-639F-4FC8-B72C-F7C1BACB9DB3}.Debug|ARM64.ActiveCfg = Debug|ARM64
		{043C2162-639F-4FC8-B72C-F7C1BACB9DB3}.Debug|ARM64.Build.0 = Debug|ARM64
		{043C2162-639F-4FC8-B72C-F7C1BACB9DB3}.Debug|ARM64.Deploy.0 = Debug|ARM64
		{043C2162-639F-4FC8-B72C-F7C1BACB9DB3}.Debug|x64.ActiveCfg = Debug|x64
		{043C2162-639F-4FC8-B72C-F7C1BACB9DB3}.Debug|x64.Build.0 = Debug|x64
		{043C2162-639F-4FC8-B72C-F7C1BACB9DB3}.Debug|x64.Deploy.0 = Debug|x64
		{043C2162-639F-4FC8-B72C-F7C1BACB9DB3}.Release|ARM64.ActiveCfg = Release|ARM64
		{043C2162-639F-4FC8-B72C-F7C1BACB9DB3}.Release|ARM64.Build.0 = Release|ARM64
		{043C2162-639F-4FC8-B72C-F7C1BACB9DB3}.Release|ARM64.Deploy.0 = Release|ARM64
		{043C2162-639F-4FC8-B72C-F7C1BACB9DB3}.Release|x64.ActiveCfg = Release|x64
		{043C2162-639F-4FC8-B72C-F7C1BACB9DB3}.Release|x64.Build.0 = Release|x64
		{043C2162-639F-4FC8-B72C-F7C1BACB9DB3}.Release|x64.Deploy.0 = Release|x64
		{63591DCB-0BBC-441C-A8A2-F882EE6A7D5C}.Debug|ARM64.ActiveCfg = Debug|ARM64
		{63591DCB-0BBC-441C-A8A2-F882EE6A7D5C}.Debug|ARM64.Build.0 = Debug|ARM64
		{63591DCB-0BBC-441C-A8A2-F882EE6A7D5C}.Debug|ARM64.Deploy.0 = Debug|ARM64
		{63591DCB-0BBC-441C-A8A2-F882EE6A7D5C}.Debug|x64.ActiveCfg = Debug|x64
		{63591DCB-0BBC-441C-A8A2-F882EE6A7D5C}.Debug|x64.Build.0 = Debug|x64
		{63591DCB-0BBC-441C-A8A2-F882EE6A7D5C}.Debug|x64.Deploy.0 = Debug|x64
		{63591DCB-0BBC-441C-A8A2-F882EE6A7D5C}.Release|ARM64.ActiveCfg = Release|ARM64
		{63591DCB-0BBC-441C-A8A2-F882EE6A7D5C}.Release|ARM64.Build.0 = Release|ARM64
		{63591DCB-0BBC-441C-A8A2-F882EE6A7D5C}.Release|ARM64.Deploy.0 = Release|ARM64
		{63591DCB-0BBC-441C-A8A2-F882EE6A7D5C}.Release|x64.ActiveCfg = Release|x64
		{63591DCB-0BBC-441C-A8A2-F882EE6A7D5C}.Release|x64.Build.0 = Release|x64
		{63591DCB-0BBC-441C-A8A2-F882EE6A7D5C}.Release|x64.Deploy.0 = Release|x64
		{0CCECB60-0538-4252-8C8E-23A92199CBE0}.Debug|ARM64.ActiveCfg = Debug|ARM64
		{0CCECB60-0538-4252-8C8E-23A92199CBE0}.Debug|ARM64.Build.0 = Debug|ARM64
		{0CCECB60-0538-4252-8C8E-23A92199CBE0}.Debug|x64.ActiveCfg = Debug|x64
		{0CCECB60-0538-4252-8C8E-23A92199CBE0}.Debug|x64.Build.0 = Debug|x64
		{0CCECB60-0538-4252-8C8E-23A92199CBE0}.Release|ARM64.ActiveCfg = Release|ARM64
		{0CCECB60-0538-4252-8C8E-23A92199CBE0}.Release|ARM64.Build.0 = Release|ARM64
		{0CCECB60-0538-4252-8C8E-23A92199CBE0}.Release|x64.ActiveCfg = Release|x64
		{0CCECB60-0538-4252-8C8E-23A92199CBE0}.Release|x64.Build.0 = Release|x64
		{A831B9F7-3948-48CC-B4F7-DB725EF13408}.Debug|ARM64.ActiveCfg = Debug|ARM64
		{A831B9F7-3948-48CC-B4F7-DB725EF13408}.Debug|ARM64.Build.0 = Debug|ARM64
		{A831B9F7-3948-48CC-B4F7-DB725EF13408}.Debug|x64.ActiveCfg = Debug|x64
		{A831B9F7-3948-48CC-B4F7-DB725EF13408}.Debug|x64.Build.0 = Debug|x64
		{A831B9F7-3948-48CC-B4F7-DB725EF13408}.Release|ARM64.ActiveCfg = Release|ARM64
		{A831B9F7-3948-48CC-B4F7-DB725EF13408}.Release|ARM64.Build.0 = Release|ARM64
		{A831B9F7-3948-48CC-B4F7-DB725EF13408}.Release|x64.ActiveCfg = Release|x64
		{A831B9F7-3948-48CC-B4F7-DB725EF13408}.Release|x64.Build.0 = Release|x64
		{BDD99A80-0936-47B0-918D-04CF3B472FB0}.Debug|ARM64.ActiveCfg = Debug|ARM64
		{BDD99A80-0936-47B0-918D-04CF3B472FB0}.Debug|ARM64.Build.0 = Debug|ARM64
		{BDD99A80-0936-47B0-918D-04CF3B472FB0}.Debug|x64.ActiveCfg = Debug|x64
		{BDD99A80-0936-47B0-918D-04CF3B472FB0}.Debug|x64.Build.0 = Debug|x64
		{BDD99A80-0936-47B0-918D-04CF3B472FB0}.Release|ARM64.ActiveCfg = Release|ARM64
		{BDD99A80-0936-47B0-918D-04CF3B472FB0}.Release|ARM64.Build.0 = Release|ARM64
		{BDD99A80-0936-47B0-918D-04CF3B472FB0}.Release|x64.ActiveCfg = Release|x64
		{BDD99A80-0936-47B0-918D-04CF3B472FB0}.Release|x64.Build.0 = Release|x64
		{DE26C8C2-F986-47C7-8E36-8A7CAC1358EE}.Debug|ARM64.ActiveCfg = Debug|ARM64
		{DE26C8C2-F986-47C7-8E36-8A7CAC1358EE}.Debug|ARM64.Build.0 = Debug|ARM64
		{DE26C8C2-F986-47C7-8E36-8A7CAC1358EE}.Debug|ARM64.Deploy.0 = Debug|ARM64
		{DE26C8C2-F986-47C7-8E36-8A7CAC1358EE}.Debug|x64.ActiveCfg = Debug|x64
		{DE26C8C2-F986-47C7-8E36-8A7CAC1358EE}.Debug|x64.Build.0 = Debug|x64
		{DE26C8C2-F986-47C7-8E36-8A7CAC1358EE}.Debug|x64.Deploy.0 = Debug|x64
		{DE26C8C2-F986-47C7-8E36-8A7CAC1358EE}.Release|ARM64.ActiveCfg = Release|ARM64
		{DE26C8C2-F986-47C7-8E36-8A7CAC1358EE}.Release|ARM64.Build.0 = Release|ARM64
		{DE26C8C2-F986-47C7-8E36-8A7CAC1358EE}.Release|ARM64.Deploy.0 = Release|ARM64
		{DE26C8C2-F986-47C7-8E36-8A7CAC1358EE}.Release|x64.ActiveCfg = Release|x64
		{DE26C8C2-F986-47C7-8E36-8A7CAC1358EE}.Release|x64.Build.0 = Release|x64
		{DE26C8C2-F986-47C7-8E36-8A7CAC1358EE}.Release|x64.Deploy.0 = Release|x64
		{8A82F294-00D6-40E1-9C55-6BC93C2BEC0E}.Debug|ARM64.ActiveCfg = Debug|ARM64
		{8A82F294-00D6-40E1-9C55-6BC93C2BEC0E}.Debug|ARM64.Build.0 = Debug|ARM64
		{8A82F294-00D6-40E1-9C55-6BC93C2BEC0E}.Debug|ARM64.Deploy.0 = Debug|ARM64
		{8A82F294-00D6-40E1-9C55-6BC93C2BEC0E}.Debug|x64.ActiveCfg = Debug|x64
		{8A82F294-00D6-40E1-9C55-6BC93C2BEC0E}.Debug|x64.Build.0 = Debug|x64
		{8A82F294-00D6-40E1-9C55-6BC93C2BEC0E}.Debug|x64.Deploy.0 = Debug|x64
		{8A82F294-00D6-40E1-9C55-6BC93C2BEC0E}.Release|ARM64.ActiveCfg = Release|ARM64
		{8A82F294-00D6-40E1-9C55-6BC93C2BEC0E}.Release|ARM64.Build.0 = Release|ARM64
		{8A82F294-00D6-40E1-9C55-6BC93C2BEC0E}.Release|ARM64.Deploy.0 = Release|ARM64
		{8A82F294-00D6-40E1-9C55-6BC93C2BEC0E}.Release|x64.ActiveCfg = Release|x64
		{8A82F294-00D6-40E1-9C55-6BC93C2BEC0E}.Release|x64.Build.0 = Release|x64
		{8A82F294-00D6-40E1-9C55-6BC93C2BEC0E}.Release|x64.Deploy.0 = Release|x64
		{CB63D7E9-9661-468C-851D-DEC51BCAAD0C}.Debug|ARM64.ActiveCfg = Debug|ARM64
		{CB63D7E9-9661-468C-851D-DEC51BCAAD0C}.Debug|ARM64.Build.0 = Debug|ARM64
		{CB63D7E9-9661-468C-851D-DEC51BCAAD0C}.Debug|ARM64.Deploy.0 = Debug|ARM64
		{CB63D7E9-9661-468C-851D-DEC51BCAAD0C}.Debug|x64.ActiveCfg = Debug|x64
		{CB63D7E9-9661-468C-851D-DEC51BCAAD0C}.Debug|x64.Build.0 = Debug|x64
		{CB63D7E9-9661-468C-851D-DEC51BCAAD0C}.Debug|x64.Deploy.0 = Debug|x64
		{CB63D7E9-9661-468C-851D-DEC51BCAAD0C}.Release|ARM64.ActiveCfg = Release|ARM64
		{CB63D7E9-9661-468C-851D-DEC51BCAAD0C}.Release|ARM64.Build.0 = Release|ARM64
		{CB63D7E9-9661-468C-851D-DEC51BCAAD0C}.Release|ARM64.Deploy.0 = Release|ARM64
		{CB63D7E9-9661-468C-851D-DEC51BCAAD0C}.Release|x64.ActiveCfg = Release|x64
		{CB63D7E9-9661-468C-851D-DEC51BCAAD0C}.Release|x64.Build.0 = Release|x64
		{CB63D7E9-9661-468C-851D-DEC51BCAAD0C}.Release|x64.Deploy.0 = Release|x64
		{5140E124-DBCB-42F9-BD51-22FF8EAC7D7C}.Debug|ARM64.ActiveCfg = Debug|ARM64
		{5140E124-DBCB-42F9-BD51-22FF8EAC7D7C}.Debug|ARM64.Build.0 = Debug|ARM64
		{5140E124-DBCB-42F9-BD51-22FF8EAC7D7C}.Debug|ARM64.Deploy.0 = Debug|ARM64
		{5140E124-DBCB-42F9-BD51-22FF8EAC7D7C}.Debug|x64.ActiveCfg = Debug|x64
		{5140E124-DBCB-42F9-BD51-22FF8EAC7D7C}.Debug|x64.Build.0 = Debug|x64
		{5140E124-DBCB-42F9-BD51-22FF8EAC7D7C}.Debug|x64.Deploy.0 = Debug|x64
		{5140E124-DBCB-42F9-BD51-22FF8EAC7D7C}.Release|ARM64.ActiveCfg = Release|ARM64
		{5140E124-DBCB-42F9-BD51-22FF8EAC7D7C}.Release|ARM64.Build.0 = Release|ARM64
		{5140E124-DBCB-42F9-BD51-22FF8EAC7D7C}.Release|ARM64.Deploy.0 = Release|ARM64
		{5140E124-DBCB-42F9-BD51-22FF8EAC7D7C}.Release|x64.ActiveCfg = Release|x64
		{5140E124-DBCB-42F9-BD51-22FF8EAC7D7C}.Release|x64.Build.0 = Release|x64
		{5140E124-DBCB-42F9-BD51-22FF8EAC7D7C}.Release|x64.Deploy.0 = Release|x64
		{1447D9ED-6762-45D7-929D-92D24593D472}.Debug|ARM64.ActiveCfg = Debug|ARM64
		{1447D9ED-6762-45D7-929D-92D24593D472}.Debug|ARM64.Build.0 = Debug|ARM64
		{1447D9ED-6762-45D7-929D-92D24593D472}.Debug|ARM64.Deploy.0 = Debug|ARM64
		{1447D9ED-6762-45D7-929D-92D24593D472}.Debug|x64.ActiveCfg = Debug|x64
		{1447D9ED-6762-45D7-929D-92D24593D472}.Debug|x64.Build.0 = Debug|x64
		{1447D9ED-6762-45D7-929D-92D24593D472}.Debug|x64.Deploy.0 = Debug|x64
		{1447D9ED-6762-45D7-929D-92D24593D472}.Release|ARM64.ActiveCfg = Release|ARM64
		{1447D9ED-6762-45D7-929D-92D24593D472}.Release|ARM64.Build.0 = Release|ARM64
		{1447D9ED-6762-45D7-929D-92D24593D472}.Release|ARM64.Deploy.0 = Release|ARM64
		{1447D9ED-6762-45D7-929D-92D24593D472}.Release|x64.ActiveCfg = Release|x64
		{1447D9ED-6762-45D7-929D-92D24593D472}.Release|x64.Build.0 = Release|x64
		{1447D9ED-6762-45D7-929D-92D24593D472}.Release|x64.Deploy.0 = Release|x64
		{AD2ED8D3-06F7-4B3B-89F4-E8E7065A6F82}.Debug|ARM64.ActiveCfg = Debug|ARM64
		{AD2ED8D3-06F7-4B3B-89F4-E8E7065A6F82}.Debug|ARM64.Build.0 = Debug|ARM64
		{AD2ED8D3-06F7-4B3B-89F4-E8E7065A6F82}.Debug|ARM64.Deploy.0 = Debug|ARM64
		{AD2ED8D3-06F7-4B3B-89F4-E8E7065A6F82}.Debug|x64.ActiveCfg = Debug|x64
		{AD2ED8D3-06F7-4B3B-89F4-E8E7065A6F82}.Debug|x64.Build.0 = Debug|x64
		{AD2ED8D3-06F7-4B3B-89F4-E8E7065A6F82}.Debug|x64.Deploy.0 = Debug|x64
		{AD2ED8D3-06F7-4B3B-89F4-E8E7065A6F82}.Release|ARM64.ActiveCfg = Release|ARM64
		{AD2ED8D3-06F7-4B3B-89F4-E8E7065A6F82}.Release|ARM64.Build.0 = Release|ARM64
		{AD2ED8D3-06F7-4B3B-89F4-E8E7065A6F82}.Release|ARM64.Deploy.0 = Release|ARM64
		{AD2ED8D3-06F7-4B3B-89F4-E8E7065A6F82}.Release|x64.ActiveCfg = Release|x64
		{AD2ED8D3-06F7-4B3B-89F4-E8E7065A6F82}.Release|x64.Build.0 = Release|x64
		{AD2ED8D3-06F7-4B3B-89F4-E8E7065A6F82}.Release|x64.Deploy.0 = Release|x64
		{15DE7D30-6A0B-47C7-8DDC-1CFC658E8A1E}.Debug|ARM64.ActiveCfg = Debug|ARM64
		{15DE7D30-6A0B-47C7-8DDC-1CFC658E8A1E}.Debug|ARM64.Build.0 = Debug|ARM64
		{15DE7D30-6A0B-47C7-8DDC-1CFC658E8A1E}.Debug|x64.ActiveCfg = Debug|x64
		{15DE7D30-6A0B-47C7-8DDC-1CFC658E8A1E}.Debug|x64.Build.0 = Debug|x64
		{15DE7D30-6A0B-47C7-8DDC-1CFC658E8A1E}.Release|ARM64.ActiveCfg = Release|ARM64
		{15DE7D30-6A0B-47C7-8DDC-1CFC658E8A1E}.Release|ARM64.Build.0 = Release|ARM64
		{15DE7D30-6A0B-47C7-8DDC-1CFC658E8A1E}.Release|x64.ActiveCfg = Release|x64
		{15DE7D30-6A0B-47C7-8DDC-1CFC658E8A1E}.Release|x64.Build.0 = Release|x64
		{B7C007DA-B437-4CA5-896E-5CB5A5006D01}.Debug|ARM64.ActiveCfg = Debug|ARM64
		{B7C007DA-B437-4CA5-896E-5CB5A5006D01}.Debug|ARM64.Build.0 = Debug|ARM64
		{B7C007DA-B437-4CA5-896E-5CB5A5006D01}.Debug|x64.ActiveCfg = Debug|x64
		{B7C007DA-B437-4CA5-896E-5CB5A5006D01}.Debug|x64.Build.0 = Debug|x64
		{B7C007DA-B437-4CA5-896E-5CB5A5006D01}.Release|ARM64.ActiveCfg = Release|ARM64
		{B7C007DA-B437-4CA5-896E-5CB5A5006D01}.Release|ARM64.Build.0 = Release|ARM64
		{B7C007DA-B437-4CA5-896E-5CB5A5006D01}.Release|x64.ActiveCfg = Release|x64
		{B7C007DA-B437-4CA5-896E-5CB5A5006D01}.Release|x64.Build.0 = Release|x64
		{02D631DF-E2E7-4A6E-9773-94A45B19C367}.Debug|ARM64.ActiveCfg = Debug|ARM64
		{02D631DF-E2E7-4A6E-9773-94A45B19C367}.Debug|ARM64.Build.0 = Debug|ARM64
		{02D631DF-E2E7-4A6E-9773-94A45B19C367}.Debug|x64.ActiveCfg = Debug|x64
		{02D631DF-E2E7-4A6E-9773-94A45B19C367}.Debug|x64.Build.0 = Debug|x64
		{02D631DF-E2E7-4A6E-9773-94A45B19C367}.Release|ARM64.ActiveCfg = Release|ARM64
		{02D631DF-E2E7-4A6E-9773-94A45B19C367}.Release|ARM64.Build.0 = Release|ARM64
		{02D631DF-E2E7-4A6E-9773-94A45B19C367}.Release|x64.ActiveCfg = Release|x64
		{02D631DF-E2E7-4A6E-9773-94A45B19C367}.Release|x64.Build.0 = Release|x64
		{E84FF937-7445-4B8E-BA40-DFFACC09C060}.Debug|ARM64.ActiveCfg = Debug|ARM64
		{E84FF937-7445-4B8E-BA40-DFFACC09C060}.Debug|ARM64.Build.0 = Debug|ARM64
		{E84FF937-7445-4B8E-BA40-DFFACC09C060}.Debug|x64.ActiveCfg = Debug|x64
		{E84FF937-7445-4B8E-BA40-DFFACC09C060}.Debug|x64.Build.0 = Debug|x64
		{E84FF937-7445-4B8E-BA40-DFFACC09C060}.Release|ARM64.ActiveCfg = Release|ARM64
		{E84FF937-7445-4B8E-BA40-DFFACC09C060}.Release|ARM64.Build.0 = Release|ARM64
		{E84FF937-7445-4B8E-BA40-DFFACC09C060}.Release|x64.ActiveCfg = Release|x64
		{E84FF937-7445-4B8E-BA40-DFFACC09C060}.Release|x64.Build.0 = Release|x64
		{091C094C-BF60-4BCB-9D38-1B439FC0AB7F}.Debug|ARM64.ActiveCfg = Debug|ARM64
		{091C094C-BF60-4BCB-9D38-1B439FC0AB7F}.Debug|ARM64.Build.0 = Debug|ARM64
		{091C094C-BF60-4BCB-9D38-1B439FC0AB7F}.Debug|ARM64.Deploy.0 = Debug|ARM64
		{091C094C-BF60-4BCB-9D38-1B439FC0AB7F}.Debug|x64.ActiveCfg = Debug|x64
		{091C094C-BF60-4BCB-9D38-1B439FC0AB7F}.Debug|x64.Build.0 = Debug|x64
		{091C094C-BF60-4BCB-9D38-1B439FC0AB7F}.Debug|x64.Deploy.0 = Debug|x64
		{091C094C-BF60-4BCB-9D38-1B439FC0AB7F}.Release|ARM64.ActiveCfg = Release|ARM64
		{091C094C-BF60-4BCB-9D38-1B439FC0AB7F}.Release|ARM64.Build.0 = Release|ARM64
		{091C094C-BF60-4BCB-9D38-1B439FC0AB7F}.Release|ARM64.Deploy.0 = Release|ARM64
		{091C094C-BF60-4BCB-9D38-1B439FC0AB7F}.Release|x64.ActiveCfg = Release|x64
		{091C094C-BF60-4BCB-9D38-1B439FC0AB7F}.Release|x64.Build.0 = Release|x64
		{091C094C-BF60-4BCB-9D38-1B439FC0AB7F}.Release|x64.Deploy.0 = Release|x64
		{D6E512A0-8DBF-4BAF-9393-BFA746C9325C}.Debug|ARM64.ActiveCfg = Debug|ARM64
		{D6E512A0-8DBF-4BAF-9393-BFA746C9325C}.Debug|ARM64.Build.0 = Debug|ARM64
		{D6E512A0-8DBF-4BAF-9393-BFA746C9325C}.Debug|x64.ActiveCfg = Debug|x64
		{D6E512A0-8DBF-4BAF-9393-BFA746C9325C}.Debug|x64.Build.0 = Debug|x64
		{D6E512A0-8DBF-4BAF-9393-BFA746C9325C}.Release|ARM64.ActiveCfg = Release|ARM64
		{D6E512A0-8DBF-4BAF-9393-BFA746C9325C}.Release|ARM64.Build.0 = Release|ARM64
		{D6E512A0-8DBF-4BAF-9393-BFA746C9325C}.Release|x64.ActiveCfg = Release|x64
		{D6E512A0-8DBF-4BAF-9393-BFA746C9325C}.Release|x64.Build.0 = Release|x64
		{6FA0FEF2-5947-4D11-8DDA-A0968852EDAB}.Debug|ARM64.ActiveCfg = Debug|ARM64
		{6FA0FEF2-5947-4D11-8DDA-A0968852EDAB}.Debug|ARM64.Build.0 = Debug|ARM64
		{6FA0FEF2-5947-4D11-8DDA-A0968852EDAB}.Debug|x64.ActiveCfg = Debug|x64
		{6FA0FEF2-5947-4D11-8DDA-A0968852EDAB}.Debug|x64.Build.0 = Debug|x64
		{6FA0FEF2-5947-4D11-8DDA-A0968852EDAB}.Release|ARM64.ActiveCfg = Release|ARM64
		{6FA0FEF2-5947-4D11-8DDA-A0968852EDAB}.Release|ARM64.Build.0 = Release|ARM64
		{6FA0FEF2-5947-4D11-8DDA-A0968852EDAB}.Release|x64.ActiveCfg = Release|x64
		{6FA0FEF2-5947-4D11-8DDA-A0968852EDAB}.Release|x64.Build.0 = Release|x64
		{3AA71A93-D73F-4766-9E3D-1A25C3E895F8}.Debug|ARM64.ActiveCfg = Debug|ARM64
		{3AA71A93-D73F-4766-9E3D-1A25C3E895F8}.Debug|ARM64.Build.0 = Debug|ARM64
		{3AA71A93-D73F-4766-9E3D-1A25C3E895F8}.Debug|ARM64.Deploy.0 = Debug|ARM64
		{3AA71A93-D73F-4766-9E3D-1A25C3E895F8}.Debug|x64.ActiveCfg = Debug|x64
		{3AA71A93-D73F-4766-9E3D-1A25C3E895F8}.Debug|x64.Build.0 = Debug|x64
		{3AA71A93-D73F-4766-9E3D-1A25C3E895F8}.Debug|x64.Deploy.0 = Debug|x64
		{3AA71A93-D73F-4766-9E3D-1A25C3E895F8}.Release|ARM64.ActiveCfg = Release|ARM64
		{3AA71A93-D73F-4766-9E3D-1A25C3E895F8}.Release|ARM64.Build.0 = Release|ARM64
		{3AA71A93-D73F-4766-9E3D-1A25C3E895F8}.Release|ARM64.Deploy.0 = Release|ARM64
		{3AA71A93-D73F-4766-9E3D-1A25C3E895F8}.Release|x64.ActiveCfg = Release|x64
		{3AA71A93-D73F-4766-9E3D-1A25C3E895F8}.Release|x64.Build.0 = Release|x64
		{3AA71A93-D73F-4766-9E3D-1A25C3E895F8}.Release|x64.Deploy.0 = Release|x64
		{2E04098E-2D9D-48AE-B962-4C681F0897C7}.Debug|ARM64.ActiveCfg = Debug|ARM64
		{2E04098E-2D9D-48AE-B962-4C681F0897C7}.Debug|ARM64.Build.0 = Debug|ARM64
		{2E04098E-2D9D-48AE-B962-4C681F0897C7}.Debug|ARM64.Deploy.0 = Debug|ARM64
		{2E04098E-2D9D-48AE-B962-4C681F0897C7}.Debug|x64.ActiveCfg = Debug|x64
		{2E04098E-2D9D-48AE-B962-4C681F0897C7}.Debug|x64.Build.0 = Debug|x64
		{2E04098E-2D9D-48AE-B962-4C681F0897C7}.Debug|x64.Deploy.0 = Debug|x64
		{2E04098E-2D9D-48AE-B962-4C681F0897C7}.Release|ARM64.ActiveCfg = Release|ARM64
		{2E04098E-2D9D-48AE-B962-4C681F0897C7}.Release|ARM64.Build.0 = Release|ARM64
		{2E04098E-2D9D-48AE-B962-4C681F0897C7}.Release|ARM64.Deploy.0 = Release|ARM64
		{2E04098E-2D9D-48AE-B962-4C681F0897C7}.Release|x64.ActiveCfg = Release|x64
		{2E04098E-2D9D-48AE-B962-4C681F0897C7}.Release|x64.Build.0 = Release|x64
		{2E04098E-2D9D-48AE-B962-4C681F0897C7}.Release|x64.Deploy.0 = Release|x64
		{F092F711-04ED-443E-9978-4D270F89A2CB}.Debug|ARM64.ActiveCfg = Debug|ARM64
		{F092F711-04ED-443E-9978-4D270F89A2CB}.Debug|ARM64.Build.0 = Debug|ARM64
		{F092F711-04ED-443E-9978-4D270F89A2CB}.Debug|x64.ActiveCfg = Debug|x64
		{F092F711-04ED-443E-9978-4D270F89A2CB}.Debug|x64.Build.0 = Debug|x64
		{F092F711-04ED-443E-9978-4D270F89A2CB}.Release|ARM64.ActiveCfg = Release|ARM64
		{F092F711-04ED-443E-9978-4D270F89A2CB}.Release|ARM64.Build.0 = Release|ARM64
		{F092F711-04ED-443E-9978-4D270F89A2CB}.Release|x64.ActiveCfg = Release|x64
		{F092F711-04ED-443E-9978-4D270F89A2CB}.Release|x64.Build.0 = Release|x64
		{1EC347F7-A95F-49F3-B35F-77443A601F53}.Debug|ARM64.ActiveCfg = Debug|ARM64
		{1EC347F7-A95F-49F3-B35F-77443A601F53}.Debug|ARM64.Build.0 = Debug|ARM64
		{1EC347F7-A95F-49F3-B35F-77443A601F53}.Debug|x64.ActiveCfg = Debug|x64
		{1EC347F7-A95F-49F3-B35F-77443A601F53}.Debug|x64.Build.0 = Debug|x64
		{1EC347F7-A95F-49F3-B35F-77443A601F53}.Release|ARM64.ActiveCfg = Release|ARM64
		{1EC347F7-A95F-49F3-B35F-77443A601F53}.Release|ARM64.Build.0 = Release|ARM64
		{1EC347F7-A95F-49F3-B35F-77443A601F53}.Release|x64.ActiveCfg = Release|x64
		{1EC347F7-A95F-49F3-B35F-77443A601F53}.Release|x64.Build.0 = Release|x64
		{798300CD-0D26-4FCD-843B-30A9585B102C}.Debug|ARM64.ActiveCfg = Debug|ARM64
		{798300CD-0D26-4FCD-843B-30A9585B102C}.Debug|ARM64.Build.0 = Debug|ARM64
		{798300CD-0D26-4FCD-843B-30A9585B102C}.Debug|x64.ActiveCfg = Debug|x64
		{798300CD-0D26-4FCD-843B-30A9585B102C}.Debug|x64.Build.0 = Debug|x64
		{798300CD-0D26-4FCD-843B-30A9585B102C}.Release|ARM64.ActiveCfg = Release|ARM64
		{798300CD-0D26-4FCD-843B-30A9585B102C}.Release|ARM64.Build.0 = Release|ARM64
		{798300CD-0D26-4FCD-843B-30A9585B102C}.Release|x64.ActiveCfg = Release|x64
		{798300CD-0D26-4FCD-843B-30A9585B102C}.Release|x64.Build.0 = Release|x64
		{34A40976-2D2E-4A27-B9FF-390FC573A4DE}.Debug|ARM64.ActiveCfg = Debug|ARM64
		{34A40976-2D2E-4A27-B9FF-390FC573A4DE}.Debug|ARM64.Build.0 = Debug|ARM64
		{34A40976-2D2E-4A27-B9FF-390FC573A4DE}.Debug|x64.ActiveCfg = Debug|x64
		{34A40976-2D2E-4A27-B9FF-390FC573A4DE}.Debug|x64.Build.0 = Debug|x64
		{34A40976-2D2E-4A27-B9FF-390FC573A4DE}.Release|ARM64.ActiveCfg = Release|ARM64
		{34A40976-2D2E-4A27-B9FF-390FC573A4DE}.Release|ARM64.Build.0 = Release|ARM64
		{34A40976-2D2E-4A27-B9FF-390FC573A4DE}.Release|x64.ActiveCfg = Release|x64
		{34A40976-2D2E-4A27-B9FF-390FC573A4DE}.Release|x64.Build.0 = Release|x64
		{02B3662C-5FFE-4E6D-B55F-7927833FD7A7}.Debug|ARM64.ActiveCfg = Debug|ARM64
		{02B3662C-5FFE-4E6D-B55F-7927833FD7A7}.Debug|ARM64.Build.0 = Debug|ARM64
		{02B3662C-5FFE-4E6D-B55F-7927833FD7A7}.Debug|ARM64.Deploy.0 = Debug|ARM64
		{02B3662C-5FFE-4E6D-B55F-7927833FD7A7}.Debug|x64.ActiveCfg = Debug|x64
		{02B3662C-5FFE-4E6D-B55F-7927833FD7A7}.Debug|x64.Build.0 = Debug|x64
		{02B3662C-5FFE-4E6D-B55F-7927833FD7A7}.Debug|x64.Deploy.0 = Debug|x64
		{02B3662C-5FFE-4E6D-B55F-7927833FD7A7}.Release|ARM64.ActiveCfg = Release|ARM64
		{02B3662C-5FFE-4E6D-B55F-7927833FD7A7}.Release|ARM64.Build.0 = Release|ARM64
		{02B3662C-5FFE-4E6D-B55F-7927833FD7A7}.Release|ARM64.Deploy.0 = Release|ARM64
		{02B3662C-5FFE-4E6D-B55F-7927833FD7A7}.Release|x64.ActiveCfg = Release|x64
		{02B3662C-5FFE-4E6D-B55F-7927833FD7A7}.Release|x64.Build.0 = Release|x64
		{02B3662C-5FFE-4E6D-B55F-7927833FD7A7}.Release|x64.Deploy.0 = Release|x64
		{4A8C9C36-9B11-4BCF-9C48-0F33D4470D66}.Debug|ARM64.ActiveCfg = Debug|ARM64
		{4A8C9C36-9B11-4BCF-9C48-0F33D4470D66}.Debug|ARM64.Build.0 = Debug|ARM64
		{4A8C9C36-9B11-4BCF-9C48-0F33D4470D66}.Debug|ARM64.Deploy.0 = Debug|ARM64
		{4A8C9C36-9B11-4BCF-9C48-0F33D4470D66}.Debug|x64.ActiveCfg = Debug|x64
		{4A8C9C36-9B11-4BCF-9C48-0F33D4470D66}.Debug|x64.Build.0 = Debug|x64
		{4A8C9C36-9B11-4BCF-9C48-0F33D4470D66}.Debug|x64.Deploy.0 = Debug|x64
		{4A8C9C36-9B11-4BCF-9C48-0F33D4470D66}.Release|ARM64.ActiveCfg = Release|ARM64
		{4A8C9C36-9B11-4BCF-9C48-0F33D4470D66}.Release|ARM64.Build.0 = Release|ARM64
		{4A8C9C36-9B11-4BCF-9C48-0F33D4470D66}.Release|ARM64.Deploy.0 = Release|ARM64
		{4A8C9C36-9B11-4BCF-9C48-0F33D4470D66}.Release|x64.ActiveCfg = Release|x64
		{4A8C9C36-9B11-4BCF-9C48-0F33D4470D66}.Release|x64.Build.0 = Release|x64
		{4A8C9C36-9B11-4BCF-9C48-0F33D4470D66}.Release|x64.Deploy.0 = Release|x64
		{D07EDEB2-006F-4B32-8CD1-2B8FABD5879E}.Debug|ARM64.ActiveCfg = Debug|ARM64
		{D07EDEB2-006F-4B32-8CD1-2B8FABD5879E}.Debug|ARM64.Build.0 = Debug|ARM64
		{D07EDEB2-006F-4B32-8CD1-2B8FABD5879E}.Debug|ARM64.Deploy.0 = Debug|ARM64
		{D07EDEB2-006F-4B32-8CD1-2B8FABD5879E}.Debug|x64.ActiveCfg = Debug|x64
		{D07EDEB2-006F-4B32-8CD1-2B8FABD5879E}.Debug|x64.Build.0 = Debug|x64
		{D07EDEB2-006F-4B32-8CD1-2B8FABD5879E}.Debug|x64.Deploy.0 = Debug|x64
		{D07EDEB2-006F-4B32-8CD1-2B8FABD5879E}.Release|ARM64.ActiveCfg = Release|ARM64
		{D07EDEB2-006F-4B32-8CD1-2B8FABD5879E}.Release|ARM64.Build.0 = Release|ARM64
		{D07EDEB2-006F-4B32-8CD1-2B8FABD5879E}.Release|ARM64.Deploy.0 = Release|ARM64
		{D07EDEB2-006F-4B32-8CD1-2B8FABD5879E}.Release|x64.ActiveCfg = Release|x64
		{D07EDEB2-006F-4B32-8CD1-2B8FABD5879E}.Release|x64.Build.0 = Release|x64
		{D07EDEB2-006F-4B32-8CD1-2B8FABD5879E}.Release|x64.Deploy.0 = Release|x64
		{A87D995B-384F-4853-ABDB-3EC024BE18E3}.Debug|ARM64.ActiveCfg = Debug|ARM64
		{A87D995B-384F-4853-ABDB-3EC024BE18E3}.Debug|ARM64.Build.0 = Debug|ARM64
		{A87D995B-384F-4853-ABDB-3EC024BE18E3}.Debug|ARM64.Deploy.0 = Debug|ARM64
		{A87D995B-384F-4853-ABDB-3EC024BE18E3}.Debug|x64.ActiveCfg = Debug|x64
		{A87D995B-384F-4853-ABDB-3EC024BE18E3}.Debug|x64.Build.0 = Debug|x64
		{A87D995B-384F-4853-ABDB-3EC024BE18E3}.Debug|x64.Deploy.0 = Debug|x64
		{A87D995B-384F-4853-ABDB-3EC024BE18E3}.Release|ARM64.ActiveCfg = Release|ARM64
		{A87D995B-384F-4853-ABDB-3EC024BE18E3}.Release|ARM64.Build.0 = Release|ARM64
		{A87D995B-384F-4853-ABDB-3EC024BE18E3}.Release|ARM64.Deploy.0 = Release|ARM64
		{A87D995B-384F-4853-ABDB-3EC024BE18E3}.Release|x64.ActiveCfg = Release|x64
		{A87D995B-384F-4853-ABDB-3EC024BE18E3}.Release|x64.Build.0 = Release|x64
		{A87D995B-384F-4853-ABDB-3EC024BE18E3}.Release|x64.Deploy.0 = Release|x64
		{C0C730A8-2DAB-4C28-8C4B-5EFFA6B494DD}.Debug|ARM64.ActiveCfg = Debug|ARM64
		{C0C730A8-2DAB-4C28-8C4B-5EFFA6B494DD}.Debug|ARM64.Build.0 = Debug|ARM64
		{C0C730A8-2DAB-4C28-8C4B-5EFFA6B494DD}.Debug|ARM64.Deploy.0 = Debug|ARM64
		{C0C730A8-2DAB-4C28-8C4B-5EFFA6B494DD}.Debug|x64.ActiveCfg = Debug|x64
		{C0C730A8-2DAB-4C28-8C4B-5EFFA6B494DD}.Debug|x64.Build.0 = Debug|x64
		{C0C730A8-2DAB-4C28-8C4B-5EFFA6B494DD}.Debug|x64.Deploy.0 = Debug|x64
		{C0C730A8-2DAB-4C28-8C4B-5EFFA6B494DD}.Release|ARM64.ActiveCfg = Release|ARM64
		{C0C730A8-2DAB-4C28-8C4B-5EFFA6B494DD}.Release|ARM64.Build.0 = Release|ARM64
		{C0C730A8-2DAB-4C28-8C4B-5EFFA6B494DD}.Release|ARM64.Deploy.0 = Release|ARM64
		{C0C730A8-2DAB-4C28-8C4B-5EFFA6B494DD}.Release|x64.ActiveCfg = Release|x64
		{C0C730A8-2DAB-4C28-8C4B-5EFFA6B494DD}.Release|x64.Build.0 = Release|x64
		{C0C730A8-2DAB-4C28-8C4B-5EFFA6B494DD}.Release|x64.Deploy.0 = Release|x64
	EndGlobalSection
	GlobalSection(SolutionProperties) = preSolution
		HideSolutionNode = FALSE
	EndGlobalSection
	GlobalSection(ExtensibilityGlobals) = postSolution
		SolutionGuid = {73EF00B9-A990-4E4D-9759-84F4E2094268}
	EndGlobalSection
EndGlobal
