Microsoft Visual Studio Solution File, Format Version 12.00
# Visual Studio Version 17
VisualStudioVersion = 17.1.31911.260
MinimumVisualStudioVersion = 10.0.40219.1
Project("{7e502f75-0ef7-414d-ab12-c8fede5916d1}") = "xdpetwplugin", "xdpetwplugin.csproj", "{f6c391c3-acb0-4472-a612-4c7640c508b4}"
EndProject
Global
	GlobalSection(SolutionConfigurationPlatforms) = preSolution
		Debug|Any CPU = Debug|Any CPU
		Release|Any CPU = Release|Any CPU
	EndGlobalSection
	GlobalSection(ProjectConfigurationPlatforms) = postSolution
		{f6c391c3-acb0-4472-a612-4c7640c508b4}.Debug|Any CPU.ActiveCfg = Debug|Any CPU
		{f6c391c3-acb0-4472-a612-4c7640c508b4}.Debug|Any CPU.Build.0 = Debug|Any CPU
		{f6c391c3-acb0-4472-a612-4c7640c508b4}.Release|Any CPU.ActiveCfg = Release|Any CPU
		{f6c391c3-acb0-4472-a612-4c7640c508b4}.Release|Any CPU.Build.0 = Release|Any CPU
	EndGlobalSection
	GlobalSection(SolutionProperties) = preSolution
		HideSolutionNode = FALSE
	EndGlobalSection
	GlobalSection(ExtensibilityGlobals) = postSolution
		SolutionGuid = {500c3b63-9503-4fcb-b552-fa1dbaa50142}
	EndGlobalSection
EndGlobal
