
Microsoft Visual Studio Solution File, Format Version 12.00
# Visual Studio Version 17
VisualStudioVersion = 17.6.33801.468
MinimumVisualStudioVersion = 10.0.40219.1
Project("{930C7802-8A8C-48F9-8165-68863BCCD9DD}") = "xdpinstaller", "xdpinstaller.wixproj", "{93635A7B-565E-4B41-AF67-5B375756B227}"
EndProject
Global
    GlobalSection(SolutionConfigurationPlatforms) = preSolution
        Debug|x64 = Debug|x64
        Release|x64 = Release|x64
    EndGlobalSection
    GlobalSection(ProjectConfigurationPlatforms) = postSolution
        {93635A7B-565E-4B41-AF67-5B375756B227}.Debug|x64.ActiveCfg = Debug|x64
        {93635A7B-565E-4B41-AF67-5B375756B227}.Debug|x64.Build.0 = Debug|x64
        {93635A7B-565E-4B41-AF67-5B375756B227}.Release|x64.ActiveCfg = Release|x64
        {93635A7B-565E-4B41-AF67-5B375756B227}.Release|x64.Build.0 = Release|x64
    EndGlobalSection
    GlobalSection(SolutionProperties) = preSolution
        HideSolutionNode = FALSE
    EndGlobalSection
    GlobalSection(ExtensibilityGlobals) = postSolution
        SolutionGuid = {D09E6CD2-DDB0-4F35-B000-F8FF0D6D0050}
    EndGlobalSection
EndGlobal
